
Microsoft Visual Studio Solution File, Format Version 9.00
# Visual Studio 2005
Project("{8BC9CEB8-8B4A-11D0-8D11-00A0C91BC942}") = "mcduSim", "mcduSim.vcproj", "{7B6CA7A4-E523-43FB-9B09-C3CCF3587147}"
	ProjectSection(ProjectDependencies) = postProject
		{0CCCC9AA-581E-5616-B347-F93AAD183BC4} = {0CCCC9AA-581E-5616-B347-F93AAD183BC4}
	EndProjectSection
EndProject
Project("{8BC9CEB8-8B4A-11D0-8D11-00A0C91BC942}") = "wxrc", "wxrc-util\wxrc_vc8.vcproj", "{0CCCC9AA-581E-5616-B347-F93AAD183BC4}"
EndProject
Global
	GlobalSection(SolutionConfigurationPlatforms) = preSolution
		Debug|Win32 = Debug|Win32
		Release|Win32 = Release|Win32
	EndGlobalSection
	GlobalSection(ProjectConfigurationPlatforms) = postSolution
		{7B6CA7A4-E523-43FB-9B09-C3CCF3587147}.Debug|Win32.ActiveCfg = Debug|Win32
		{7B6CA7A4-E523-43FB-9B09-C3CCF3587147}.Debug|Win32.Build.0 = Debug|Win32
		{7B6CA7A4-E523-43FB-9B09-C3CCF3587147}.Release|Win32.ActiveCfg = Release|Win32
		{7B6CA7A4-E523-43FB-9B09-C3CCF3587147}.Release|Win32.Build.0 = Release|Win32
		{0CCCC9AA-581E-5616-B347-F93AAD183BC4}.Debug|Win32.ActiveCfg = Debug|Win32
		{0CCCC9AA-581E-5616-B347-F93AAD183BC4}.Debug|Win32.Build.0 = Debug|Win32
		{0CCCC9AA-581E-5616-B347-F93AAD183BC4}.Release|Win32.ActiveCfg = Release|Win32
		{0CCCC9AA-581E-5616-B347-F93AAD183BC4}.Release|Win32.Build.0 = Release|Win32
	EndGlobalSection
	GlobalSection(SolutionProperties) = preSolution
		HideSolutionNode = FALSE
	EndGlobalSection
EndGlobal
