<?xml version="1.0" encoding="utf-8"?>
<Project ToolsVersion="4.0" xmlns="http://schemas.microsoft.com/developer/msbuild/2003">
  <ItemGroup>
    <Filter Include="Source Files">
      <UniqueIdentifier>{4FC737F1-C7A5-4376-A066-2A32D752A2FF}</UniqueIdentifier>
      <Extensions>cpp;c;cc;cxx;def;odl;idl;hpj;bat;asm;asmx</Extensions>
    </Filter>
    <Filter Include="Header Files">
      <UniqueIdentifier>{93995380-89BD-4b04-88EB-625FBE52EBFB}</UniqueIdentifier>
      <Extensions>h;hpp;hxx;hm;inl;inc;xsd</Extensions>
    </Filter>
    <Filter Include="Resource Files">
      <UniqueIdentifier>{67DA6AB6-F800-4c08-8B7A-83BB121AAD01}</UniqueIdentifier>
      <Extensions>rc;ico;cur;bmp;dlg;rc2;rct;bin;rgs;gif;jpg;jpeg;jpe;resx;tiff;tif;png;wav</Extensions>
    </Filter>
  </ItemGroup>
  <ItemGroup>
    <ClCompile Include="CConfDlg.cpp">
      <Filter>Source Files</Filter>
    </ClCompile>
    <ClCompile Include="log_printf.cpp">
      <Filter>Source Files</Filter>
    </ClCompile>
    <ClCompile Include="mcduDlgRes.cpp">
      <Filter>Source Files</Filter>
    </ClCompile>
    <ClCompile Include="mcdusim.cpp">
      <Filter>Source Files</Filter>
    </ClCompile>
    <ClCompile Include="MSecTime.cpp">
      <Filter>Source Files</Filter>
    </ClCompile>
    <ClCompile Include="prot_739A.cpp">
      <Filter>Source Files</Filter>
    </ClCompile>
    <ClCompile Include="pythonInt.cpp">
      <Filter>Source Files</Filter>
    </ClCompile>
    <ClCompile Include="SetAppIcon.cpp">
      <Filter>Source Files</Filter>
    </ClCompile>
    <ClCompile Include="Stubs_for_DDC.cpp">
      <Filter>Source Files</Filter>
    </ClCompile>
    <ClCompile Include="Stubs_for_TechSAT.cpp">
      <Filter>Source Files</Filter>
    </ClCompile>
    <ClCompile Include="termScreen.cpp">
      <Filter>Source Files</Filter>
    </ClCompile>
    <ClCompile Include="transpOldDDC.cpp">
      <Filter>Source Files</Filter>
    </ClCompile>
    <ClCompile Include="transport.cpp">
      <Filter>Source Files</Filter>
    </ClCompile>
    <ClCompile Include="transportDDC.cpp">
      <Filter>Source Files</Filter>
    </ClCompile>
    <ClCompile Include="transportTcp.cpp">
      <Filter>Source Files</Filter>
    </ClCompile>
    <ClCompile Include="transpTechsat.cpp">
      <Filter>Source Files</Filter>
    </ClCompile>
    <ClCompile Include="WhatDebuggerIsAttached.cpp">
      <Filter>Source Files</Filter>
    </ClCompile>
    <ClCompile Include="transportUdp.cpp">
      <Filter>Source Files</Filter>
    </ClCompile>
    <ClCompile Include="transportPipe.cpp">
      <Filter>Source Files</Filter>
    </ClCompile>
  </ItemGroup>
  <ItemGroup>
    <None Include="res\mcdu-cfg.ico">
      <Filter>Resource Files</Filter>
    </None>
    <None Include="res\MCDU.bmp">
      <Filter>Resource Files</Filter>
    </None>
    <None Include="res\MCDU_cursorOver.bmp">
      <Filter>Resource Files</Filter>
    </None>
    <None Include="res\MCDU_pressed.bmp">
      <Filter>Resource Files</Filter>
    </None>
    <None Include="res\mcdusim.ico">
      <Filter>Resource Files</Filter>
    </None>
    <None Include="res\TCP-mouse.bmp">
      <Filter>Resource Files</Filter>
    </None>
    <None Include="res\TCP-normal.bmp">
      <Filter>Resource Files</Filter>
    </None>
    <None Include="res\TCP-pressed.bmp">
      <Filter>Resource Files</Filter>
    </None>
  </ItemGroup>
  <ItemGroup>
    <ClInclude Include="CConfDlg.h">
      <Filter>Header Files</Filter>
    </ClInclude>
    <ClInclude Include="config.h">
      <Filter>Header Files</Filter>
    </ClInclude>
    <ClInclude Include="defs.h">
      <Filter>Header Files</Filter>
    </ClInclude>
    <ClInclude Include="export_string.h">
      <Filter>Header Files</Filter>
    </ClInclude>
    <ClInclude Include="log.h">
      <Filter>Header Files</Filter>
    </ClInclude>
    <ClInclude Include="MCDU_key.h">
      <Filter>Header Files</Filter>
    </ClInclude>
    <ClInclude Include="mcdusim.h">
      <Filter>Header Files</Filter>
    </ClInclude>
    <ClInclude Include="MSecTime.h">
      <Filter>Header Files</Filter>
    </ClInclude>
    <ClInclude Include="prot_739A.h">
      <Filter>Header Files</Filter>
    </ClInclude>
    <ClInclude Include="pythonint.h">
      <Filter>Header Files</Filter>
    </ClInclude>
    <ClInclude Include="resource.h">
      <Filter>Header Files</Filter>
    </ClInclude>
    <ClInclude Include="skin.h">
      <Filter>Header Files</Filter>
    </ClInclude>
    <ClInclude Include="termScreen.h">
      <Filter>Header Files</Filter>
    </ClInclude>
    <ClInclude Include="transpOldDDC.h">
      <Filter>Header Files</Filter>
    </ClInclude>
    <ClInclude Include="transport.h">
      <Filter>Header Files</Filter>
    </ClInclude>
    <ClInclude Include="transportDDC.h">
      <Filter>Header Files</Filter>
    </ClInclude>
    <ClInclude Include="transportTcp.h">
      <Filter>Header Files</Filter>
    </ClInclude>
    <ClInclude Include="transpTechsat.h">
      <Filter>Header Files</Filter>
    </ClInclude>
    <ClInclude Include="WhatDebuggerIsAttached.h">
      <Filter>Header Files</Filter>
    </ClInclude>
    <ClInclude Include="winsock2_wrapper.h">
      <Filter>Header Files</Filter>
    </ClInclude>
    <ClInclude Include="transportUdp.h">
      <Filter>Header Files</Filter>
    </ClInclude>
    <ClInclude Include="transportPipe.h">
      <Filter>Header Files</Filter>
    </ClInclude>
  </ItemGroup>
  <ItemGroup>
    <ResourceCompile Include="mcdusim.rc">
      <Filter>Resource Files</Filter>
    </ResourceCompile>
  </ItemGroup>
  <ItemGroup>
    <CustomBuild Include="mcduDlgs.xrc">
      <Filter>Source Files</Filter>
    </CustomBuild>
  </ItemGroup>
</Project>